
Microsoft Visual Studio Solution File, Format Version 12.00
# Visual Studio Version 17
VisualStudioVersion = 17.3.32922.545
MinimumVisualStudioVersion = 10.0.40219.1
Project("{9A19103F-16F7-4668-BE54-9A1E7A4F7556}") = "Печать фотографий", "Печать фотографий\Печать фотографий.csproj", "{1B3B4983-CFED-4DF7-8DAA-515C2C6800D4}"
EndProject
Project("{9A19103F-16F7-4668-BE54-9A1E7A4F7556}") = "Жалюзи", "Жалюзи\Жалюзи.csproj", "{19B0D03E-730E-4EE1-8612-71D11F9E1B20}"
EndProject
Project("{9A19103F-16F7-4668-BE54-9A1E7A4F7556}") = "Комплектация автомибиля", "Комплектация автомибиля\Комплектация автомибиля.csproj", "{2C761C8F-70E2-46E8-A443-F70B0F30DD7B}"
EndProject
Project("{FAE04EC0-301F-11D3-BF4B-00C04F79EFBC}") = "Любимые напитки", "Любимые напитки\Любимые напитки.csproj", "{96DA95B9-C1F9-4121-9E93-B7A38685D086}"
EndProject
Global
	GlobalSection(SolutionConfigurationPlatforms) = preSolution
		Debug|Any CPU = Debug|Any CPU
		Release|Any CPU = Release|Any CPU
	EndGlobalSection
	GlobalSection(ProjectConfigurationPlatforms) = postSolution
		{1B3B4983-CFED-4DF7-8DAA-515C2C6800D4}.Debug|Any CPU.ActiveCfg = Debug|Any CPU
		{1B3B4983-CFED-4DF7-8DAA-515C2C6800D4}.Debug|Any CPU.Build.0 = Debug|Any CPU
		{1B3B4983-CFED-4DF7-8DAA-515C2C6800D4}.Release|Any CPU.ActiveCfg = Release|Any CPU
		{1B3B4983-CFED-4DF7-8DAA-515C2C6800D4}.Release|Any CPU.Build.0 = Release|Any CPU
		{19B0D03E-730E-4EE1-8612-71D11F9E1B20}.Debug|Any CPU.ActiveCfg = Debug|Any CPU
		{19B0D03E-730E-4EE1-8612-71D11F9E1B20}.Debug|Any CPU.Build.0 = Debug|Any CPU
		{19B0D03E-730E-4EE1-8612-71D11F9E1B20}.Release|Any CPU.ActiveCfg = Release|Any CPU
		{19B0D03E-730E-4EE1-8612-71D11F9E1B20}.Release|Any CPU.Build.0 = Release|Any CPU
		{2C761C8F-70E2-46E8-A443-F70B0F30DD7B}.Debug|Any CPU.ActiveCfg = Debug|Any CPU
		{2C761C8F-70E2-46E8-A443-F70B0F30DD7B}.Debug|Any CPU.Build.0 = Debug|Any CPU
		{2C761C8F-70E2-46E8-A443-F70B0F30DD7B}.Release|Any CPU.ActiveCfg = Release|Any CPU
		{2C761C8F-70E2-46E8-A443-F70B0F30DD7B}.Release|Any CPU.Build.0 = Release|Any CPU
		{96DA95B9-C1F9-4121-9E93-B7A38685D086}.Debug|Any CPU.ActiveCfg = Debug|Any CPU
		{96DA95B9-C1F9-4121-9E93-B7A38685D086}.Debug|Any CPU.Build.0 = Debug|Any CPU
		{96DA95B9-C1F9-4121-9E93-B7A38685D086}.Release|Any CPU.ActiveCfg = Release|Any CPU
		{96DA95B9-C1F9-4121-9E93-B7A38685D086}.Release|Any CPU.Build.0 = Release|Any CPU
	EndGlobalSection
	GlobalSection(SolutionProperties) = preSolution
		HideSolutionNode = FALSE
	EndGlobalSection
	GlobalSection(ExtensibilityGlobals) = postSolution
		SolutionGuid = {1F19D5C1-B10D-41EF-ABE3-DD59E687A3DF}
	EndGlobalSection
EndGlobal
