
Microsoft Visual Studio Solution File, Format Version 12.00
# Visual Studio Version 17
VisualStudioVersion = 17.4.33403.182
MinimumVisualStudioVersion = 10.0.40219.1
Project("{9A19103F-16F7-4668-BE54-9A1E7A4F7556}") = "Печать фотографий", "Печать фотографий\Печать фотографий.csproj", "{94456698-0A5D-42E4-B5F1-4A2B64582D20}"
EndProject
Project("{9A19103F-16F7-4668-BE54-9A1E7A4F7556}") = "Жалюзи", "Жалюзи\Жалюзи.csproj", "{B7B7F6B8-710A-47D9-933B-CCC35704D126}"
EndProject
Project("{9A19103F-16F7-4668-BE54-9A1E7A4F7556}") = "Комплектация автомибиля", "Комплектация автомибиля\Комплектация автомибиля.csproj", "{346D01F1-A74D-4D57-B4EC-0D279DF0A7B4}"
EndProject
Project("{9A19103F-16F7-4668-BE54-9A1E7A4F7556}") = "Кафе", "Кафе\Кафе.csproj", "{4DBD3273-8035-4F4C-8327-A7058AD46D7E}"
EndProject
Project("{9A19103F-16F7-4668-BE54-9A1E7A4F7556}") = "Любимые напитки", "Любимые напитки\Любимые напитки.csproj", "{175B0294-4906-4094-A383-6430006F2C46}"
EndProject
Project("{9A19103F-16F7-4668-BE54-9A1E7A4F7556}") = "Нахождение наибольшего делителя", "Нахождение наибольшего делителя\Нахождение наибольшего делителя.csproj", "{4A59F590-7131-48E6-BA22-669280B3B59B}"
EndProject
Project("{9A19103F-16F7-4668-BE54-9A1E7A4F7556}") = "Перевод градусов", "Перевод градусов\Перевод градусов.csproj", "{79B071DD-ED7D-4D42-A761-6612FBF10C64}"
EndProject
Project("{9A19103F-16F7-4668-BE54-9A1E7A4F7556}") = "Платёж по кредиту", "Платёж по кредиту\Платёж по кредиту.csproj", "{7EF39F7B-732A-4726-9B97-F584A9ED658F}"
EndProject
Project("{9A19103F-16F7-4668-BE54-9A1E7A4F7556}") = "Поиск простых чисел", "Поиск простых чисел\Поиск простых чисел.csproj", "{A18B965B-80D6-4A88-AD28-917EF4DDED71}"
EndProject
Project("{9A19103F-16F7-4668-BE54-9A1E7A4F7556}") = "Простые сомножители", "Простые сомножители\Простые сомножители.csproj", "{58AA1EAC-D973-4FEE-B778-49A9EEBD8D00}"
EndProject
Project("{FAE04EC0-301F-11D3-BF4B-00C04F79EFBC}") = "Текстовое представление", "Текстовое представление\Текстовое представление.csproj", "{E82A3B99-63D7-4449-8D6D-A732257B6910}"
EndProject
Global
	GlobalSection(SolutionConfigurationPlatforms) = preSolution
		Debug|Any CPU = Debug|Any CPU
		Release|Any CPU = Release|Any CPU
	EndGlobalSection
	GlobalSection(ProjectConfigurationPlatforms) = postSolution
		{94456698-0A5D-42E4-B5F1-4A2B64582D20}.Debug|Any CPU.ActiveCfg = Debug|Any CPU
		{94456698-0A5D-42E4-B5F1-4A2B64582D20}.Debug|Any CPU.Build.0 = Debug|Any CPU
		{94456698-0A5D-42E4-B5F1-4A2B64582D20}.Release|Any CPU.ActiveCfg = Release|Any CPU
		{94456698-0A5D-42E4-B5F1-4A2B64582D20}.Release|Any CPU.Build.0 = Release|Any CPU
		{B7B7F6B8-710A-47D9-933B-CCC35704D126}.Debug|Any CPU.ActiveCfg = Debug|Any CPU
		{B7B7F6B8-710A-47D9-933B-CCC35704D126}.Debug|Any CPU.Build.0 = Debug|Any CPU
		{B7B7F6B8-710A-47D9-933B-CCC35704D126}.Release|Any CPU.ActiveCfg = Release|Any CPU
		{B7B7F6B8-710A-47D9-933B-CCC35704D126}.Release|Any CPU.Build.0 = Release|Any CPU
		{346D01F1-A74D-4D57-B4EC-0D279DF0A7B4}.Debug|Any CPU.ActiveCfg = Debug|Any CPU
		{346D01F1-A74D-4D57-B4EC-0D279DF0A7B4}.Debug|Any CPU.Build.0 = Debug|Any CPU
		{346D01F1-A74D-4D57-B4EC-0D279DF0A7B4}.Release|Any CPU.ActiveCfg = Release|Any CPU
		{346D01F1-A74D-4D57-B4EC-0D279DF0A7B4}.Release|Any CPU.Build.0 = Release|Any CPU
		{4DBD3273-8035-4F4C-8327-A7058AD46D7E}.Debug|Any CPU.ActiveCfg = Debug|Any CPU
		{4DBD3273-8035-4F4C-8327-A7058AD46D7E}.Debug|Any CPU.Build.0 = Debug|Any CPU
		{4DBD3273-8035-4F4C-8327-A7058AD46D7E}.Release|Any CPU.ActiveCfg = Release|Any CPU
		{4DBD3273-8035-4F4C-8327-A7058AD46D7E}.Release|Any CPU.Build.0 = Release|Any CPU
		{175B0294-4906-4094-A383-6430006F2C46}.Debug|Any CPU.ActiveCfg = Debug|Any CPU
		{175B0294-4906-4094-A383-6430006F2C46}.Debug|Any CPU.Build.0 = Debug|Any CPU
		{175B0294-4906-4094-A383-6430006F2C46}.Release|Any CPU.ActiveCfg = Release|Any CPU
		{175B0294-4906-4094-A383-6430006F2C46}.Release|Any CPU.Build.0 = Release|Any CPU
		{4A59F590-7131-48E6-BA22-669280B3B59B}.Debug|Any CPU.ActiveCfg = Debug|Any CPU
		{4A59F590-7131-48E6-BA22-669280B3B59B}.Debug|Any CPU.Build.0 = Debug|Any CPU
		{4A59F590-7131-48E6-BA22-669280B3B59B}.Release|Any CPU.ActiveCfg = Release|Any CPU
		{4A59F590-7131-48E6-BA22-669280B3B59B}.Release|Any CPU.Build.0 = Release|Any CPU
		{79B071DD-ED7D-4D42-A761-6612FBF10C64}.Debug|Any CPU.ActiveCfg = Debug|Any CPU
		{79B071DD-ED7D-4D42-A761-6612FBF10C64}.Debug|Any CPU.Build.0 = Debug|Any CPU
		{79B071DD-ED7D-4D42-A761-6612FBF10C64}.Release|Any CPU.ActiveCfg = Release|Any CPU
		{79B071DD-ED7D-4D42-A761-6612FBF10C64}.Release|Any CPU.Build.0 = Release|Any CPU
		{7EF39F7B-732A-4726-9B97-F584A9ED658F}.Debug|Any CPU.ActiveCfg = Debug|Any CPU
		{7EF39F7B-732A-4726-9B97-F584A9ED658F}.Debug|Any CPU.Build.0 = Debug|Any CPU
		{7EF39F7B-732A-4726-9B97-F584A9ED658F}.Release|Any CPU.ActiveCfg = Release|Any CPU
		{7EF39F7B-732A-4726-9B97-F584A9ED658F}.Release|Any CPU.Build.0 = Release|Any CPU
		{A18B965B-80D6-4A88-AD28-917EF4DDED71}.Debug|Any CPU.ActiveCfg = Debug|Any CPU
		{A18B965B-80D6-4A88-AD28-917EF4DDED71}.Debug|Any CPU.Build.0 = Debug|Any CPU
		{A18B965B-80D6-4A88-AD28-917EF4DDED71}.Release|Any CPU.ActiveCfg = Release|Any CPU
		{A18B965B-80D6-4A88-AD28-917EF4DDED71}.Release|Any CPU.Build.0 = Release|Any CPU
		{58AA1EAC-D973-4FEE-B778-49A9EEBD8D00}.Debug|Any CPU.ActiveCfg = Debug|Any CPU
		{58AA1EAC-D973-4FEE-B778-49A9EEBD8D00}.Debug|Any CPU.Build.0 = Debug|Any CPU
		{58AA1EAC-D973-4FEE-B778-49A9EEBD8D00}.Release|Any CPU.ActiveCfg = Release|Any CPU
		{58AA1EAC-D973-4FEE-B778-49A9EEBD8D00}.Release|Any CPU.Build.0 = Release|Any CPU
		{E82A3B99-63D7-4449-8D6D-A732257B6910}.Debug|Any CPU.ActiveCfg = Debug|Any CPU
		{E82A3B99-63D7-4449-8D6D-A732257B6910}.Debug|Any CPU.Build.0 = Debug|Any CPU
		{E82A3B99-63D7-4449-8D6D-A732257B6910}.Release|Any CPU.ActiveCfg = Release|Any CPU
		{E82A3B99-63D7-4449-8D6D-A732257B6910}.Release|Any CPU.Build.0 = Release|Any CPU
	EndGlobalSection
	GlobalSection(SolutionProperties) = preSolution
		HideSolutionNode = FALSE
	EndGlobalSection
	GlobalSection(ExtensibilityGlobals) = postSolution
		SolutionGuid = {C2D31FB7-0C95-4597-B497-2CEC7ABF563C}
	EndGlobalSection
EndGlobal
